
Microsoft Visual Studio Solution File, Format Version 12.00
# Visual Studio Version 17
VisualStudioVersion = 17.11.35303.130
MinimumVisualStudioVersion = 10.0.40219.1
Project("{9A19103F-16F7-4668-BE54-9A1E7A4F7556}") = "Kooliprojekt", "Kooliprojekt\Kooliprojekt.csproj", "{6A606CCC-E6EA-4271-BB10-5E01EE30481F}"
EndProject
Project("{9A19103F-16F7-4668-BE54-9A1E7A4F7556}") = "KooliProjekt.UnitTests", "KooliProjekt.UnitTests\KooliProjekt.UnitTests.csproj", "{60DDC74E-0F79-47C6-B877-7903EB5EECAD}"
EndProject
Project("{9A19103F-16F7-4668-BE54-9A1E7A4F7556}") = "KooliProjekt.IntegrationTests", "KooliProjekt.IntegrationTests\KooliProjekt.IntegrationTests.csproj", "{3A7D9D29-425C-86E8-EECE-B666CE7CD094}"
EndProject
Project("{9A19103F-16F7-4668-BE54-9A1E7A4F7556}") = "KooliProjekt.WpfApp", "..\..\..\Documents\KooliProjekt.WpfApp\KooliProjekt.WpfApp.csproj", "{64D029BD-FCA3-4B20-A8CF-BD6A1D2D844B}"
EndProject
Project("{9A19103F-16F7-4668-BE54-9A1E7A4F7556}") = "KooliProjekt.WpfApp.UnitTests", "UnitTestProject1\KooliProjekt.WpfApp.UnitTests.csproj", "{6D7A0D73-7A56-4553-A317-857B9E95CE31}"
EndProject
Global
	GlobalSection(SolutionConfigurationPlatforms) = preSolution
		Debug|Any CPU = Debug|Any CPU
		Release|Any CPU = Release|Any CPU
	EndGlobalSection
	GlobalSection(ProjectConfigurationPlatforms) = postSolution
		{6A606CCC-E6EA-4271-BB10-5E01EE30481F}.Debug|Any CPU.ActiveCfg = Debug|Any CPU
		{6A606CCC-E6EA-4271-BB10-5E01EE30481F}.Debug|Any CPU.Build.0 = Debug|Any CPU
		{6A606CCC-E6EA-4271-BB10-5E01EE30481F}.Release|Any CPU.ActiveCfg = Release|Any CPU
		{6A606CCC-E6EA-4271-BB10-5E01EE30481F}.Release|Any CPU.Build.0 = Release|Any CPU
		{60DDC74E-0F79-47C6-B877-7903EB5EECAD}.Debug|Any CPU.ActiveCfg = Debug|Any CPU
		{60DDC74E-0F79-47C6-B877-7903EB5EECAD}.Debug|Any CPU.Build.0 = Debug|Any CPU
		{60DDC74E-0F79-47C6-B877-7903EB5EECAD}.Release|Any CPU.ActiveCfg = Release|Any CPU
		{60DDC74E-0F79-47C6-B877-7903EB5EECAD}.Release|Any CPU.Build.0 = Release|Any CPU
		{3A7D9D29-425C-86E8-EECE-B666CE7CD094}.Debug|Any CPU.ActiveCfg = Debug|Any CPU
		{3A7D9D29-425C-86E8-EECE-B666CE7CD094}.Debug|Any CPU.Build.0 = Debug|Any CPU
		{3A7D9D29-425C-86E8-EECE-B666CE7CD094}.Release|Any CPU.ActiveCfg = Release|Any CPU
		{3A7D9D29-425C-86E8-EECE-B666CE7CD094}.Release|Any CPU.Build.0 = Release|Any CPU
		{64D029BD-FCA3-4B20-A8CF-BD6A1D2D844B}.Debug|Any CPU.ActiveCfg = Debug|Any CPU
		{64D029BD-FCA3-4B20-A8CF-BD6A1D2D844B}.Debug|Any CPU.Build.0 = Debug|Any CPU
		{64D029BD-FCA3-4B20-A8CF-BD6A1D2D844B}.Release|Any CPU.ActiveCfg = Release|Any CPU
		{64D029BD-FCA3-4B20-A8CF-BD6A1D2D844B}.Release|Any CPU.Build.0 = Release|Any CPU
		{6D7A0D73-7A56-4553-A317-857B9E95CE31}.Debug|Any CPU.ActiveCfg = Debug|Any CPU
		{6D7A0D73-7A56-4553-A317-857B9E95CE31}.Debug|Any CPU.Build.0 = Debug|Any CPU
		{6D7A0D73-7A56-4553-A317-857B9E95CE31}.Release|Any CPU.ActiveCfg = Release|Any CPU
		{6D7A0D73-7A56-4553-A317-857B9E95CE31}.Release|Any CPU.Build.0 = Release|Any CPU
	EndGlobalSection
	GlobalSection(SolutionProperties) = preSolution
		HideSolutionNode = FALSE
	EndGlobalSection
	GlobalSection(ExtensibilityGlobals) = postSolution
		SolutionGuid = {DFE218AC-6509-4C81-B2D6-70FBAB6599A1}
	EndGlobalSection
EndGlobal
