
Microsoft Visual Studio Solution File, Format Version 12.00
# Visual Studio Version 17
VisualStudioVersion = 17.11.35303.130
MinimumVisualStudioVersion = 10.0.40219.1
Project("{9A19103F-16F7-4668-BE54-9A1E7A4F7556}") = "Kooliprojekt", "Kooliprojekt\Kooliprojekt.csproj", "{6A606CCC-E6EA-4271-BB10-5E01EE30481F}"
EndProject
<<<<<<< HEAD
Project("{9A19103F-16F7-4668-BE54-9A1E7A4F7556}") = "KooliProjekt.UnitTests", "KooliProjekt.UnitTests\KooliProjekt.UnitTests.csproj", "{60DDC74E-0F79-47C6-B877-7903EB5EECAD}"
=======
Project("{9A19103F-16F7-4668-BE54-9A1E7A4F7556}") = "KooliProjekt.UnitTests", "KooliProjekt.UnitTests\KooliProjekt.UnitTests.csproj", "{FB9F71E0-2B23-4A88-A74A-D97E2BF17395}"
>>>>>>> 70b27eba397d84857bbd0cb5e4abd84079f159fe
EndProject
Global
	GlobalSection(SolutionConfigurationPlatforms) = preSolution
		Debug|Any CPU = Debug|Any CPU
		Release|Any CPU = Release|Any CPU
	EndGlobalSection
	GlobalSection(ProjectConfigurationPlatforms) = postSolution
		{6A606CCC-E6EA-4271-BB10-5E01EE30481F}.Debug|Any CPU.ActiveCfg = Debug|Any CPU
		{6A606CCC-E6EA-4271-BB10-5E01EE30481F}.Debug|Any CPU.Build.0 = Debug|Any CPU
		{6A606CCC-E6EA-4271-BB10-5E01EE30481F}.Release|Any CPU.ActiveCfg = Release|Any CPU
		{6A606CCC-E6EA-4271-BB10-5E01EE30481F}.Release|Any CPU.Build.0 = Release|Any CPU
<<<<<<< HEAD
		{60DDC74E-0F79-47C6-B877-7903EB5EECAD}.Debug|Any CPU.ActiveCfg = Debug|Any CPU
		{60DDC74E-0F79-47C6-B877-7903EB5EECAD}.Debug|Any CPU.Build.0 = Debug|Any CPU
		{60DDC74E-0F79-47C6-B877-7903EB5EECAD}.Release|Any CPU.ActiveCfg = Release|Any CPU
		{60DDC74E-0F79-47C6-B877-7903EB5EECAD}.Release|Any CPU.Build.0 = Release|Any CPU
=======
		{FB9F71E0-2B23-4A88-A74A-D97E2BF17395}.Debug|Any CPU.ActiveCfg = Debug|Any CPU
		{FB9F71E0-2B23-4A88-A74A-D97E2BF17395}.Debug|Any CPU.Build.0 = Debug|Any CPU
		{FB9F71E0-2B23-4A88-A74A-D97E2BF17395}.Release|Any CPU.ActiveCfg = Release|Any CPU
		{FB9F71E0-2B23-4A88-A74A-D97E2BF17395}.Release|Any CPU.Build.0 = Release|Any CPU
>>>>>>> 70b27eba397d84857bbd0cb5e4abd84079f159fe
	EndGlobalSection
	GlobalSection(SolutionProperties) = preSolution
		HideSolutionNode = FALSE
	EndGlobalSection
	GlobalSection(ExtensibilityGlobals) = postSolution
		SolutionGuid = {DFE218AC-6509-4C81-B2D6-70FBAB6599A1}
	EndGlobalSection
EndGlobal
